
Microsoft Visual Studio Solution File, Format Version 12.00
# Visual Studio Version 16
VisualStudioVersion = 16.0.30114.105
MinimumVisualStudioVersion = 10.0.40219.1
Project("{FAE04EC0-301F-11D3-BF4B-00C04F79EFBC}") = "OdeToFood", "OdeToFood\OdeToFood.csproj", "{32471B80-BC62-46BD-84F9-6AF98971CA17}"
EndProject
Project("{FAE04EC0-301F-11D3-BF4B-00C04F79EFBC}") = "OdeToFood.Core", "OdeToFood.Core\OdeToFood.Core.csproj", "{4493DA48-2A47-4701-A0F1-1218DF7A29FC}"
EndProject
Project("{FAE04EC0-301F-11D3-BF4B-00C04F79EFBC}") = "OdeToFood.Data", "OdeToFood.Data\OdeToFood.Data.csproj", "{EEC928D3-E6C4-46F0-BEBC-0AD67720BF59}"
EndProject
Global
	GlobalSection(SolutionConfigurationPlatforms) = preSolution
		Debug|Any CPU = Debug|Any CPU
		Release|Any CPU = Release|Any CPU
	EndGlobalSection
	GlobalSection(ProjectConfigurationPlatforms) = postSolution
		{32471B80-BC62-46BD-84F9-6AF98971CA17}.Debug|Any CPU.ActiveCfg = Debug|Any CPU
		{32471B80-BC62-46BD-84F9-6AF98971CA17}.Debug|Any CPU.Build.0 = Debug|Any CPU
		{32471B80-BC62-46BD-84F9-6AF98971CA17}.Release|Any CPU.ActiveCfg = Release|Any CPU
		{32471B80-BC62-46BD-84F9-6AF98971CA17}.Release|Any CPU.Build.0 = Release|Any CPU
		{4493DA48-2A47-4701-A0F1-1218DF7A29FC}.Debug|Any CPU.ActiveCfg = Debug|Any CPU
		{4493DA48-2A47-4701-A0F1-1218DF7A29FC}.Debug|Any CPU.Build.0 = Debug|Any CPU
		{4493DA48-2A47-4701-A0F1-1218DF7A29FC}.Release|Any CPU.ActiveCfg = Release|Any CPU
		{4493DA48-2A47-4701-A0F1-1218DF7A29FC}.Release|Any CPU.Build.0 = Release|Any CPU
		{EEC928D3-E6C4-46F0-BEBC-0AD67720BF59}.Debug|Any CPU.ActiveCfg = Debug|Any CPU
		{EEC928D3-E6C4-46F0-BEBC-0AD67720BF59}.Debug|Any CPU.Build.0 = Debug|Any CPU
		{EEC928D3-E6C4-46F0-BEBC-0AD67720BF59}.Release|Any CPU.ActiveCfg = Release|Any CPU
		{EEC928D3-E6C4-46F0-BEBC-0AD67720BF59}.Release|Any CPU.Build.0 = Release|Any CPU
	EndGlobalSection
	GlobalSection(SolutionProperties) = preSolution
		HideSolutionNode = FALSE
	EndGlobalSection
	GlobalSection(ExtensibilityGlobals) = postSolution
		SolutionGuid = {921D9DB9-8DA7-4089-A02F-B30AC4809841}
	EndGlobalSection
EndGlobal
